<?xml version="1.0" encoding="utf-8"?>
<Project ToolsVersion="4.0" xmlns="http://schemas.microsoft.com/developer/msbuild/2003">
  <ItemGroup>
    <ClCompile Include="Decor.cpp" />
    <ClCompile Include="Decor_Tile.cpp" />
    <ClCompile Include="Game.cpp" />
    <ClCompile Include="Interaction.cpp" />
    <ClCompile Include="main.cpp" />
    <ClCompile Include="Menu.cpp" />
    <ClCompile Include="Perso.cpp" />
    <ClCompile Include="Playground.cpp" />
    <ClCompile Include="Trainer.cpp" />
  </ItemGroup>
  <ItemGroup>
    <ClInclude Include="const.h" />
    <ClInclude Include="Decor.h" />
    <ClInclude Include="macro.h" />
    <ClInclude Include="Menu.h" />
    <ClInclude Include="Decor_Tile.h" />
    <ClInclude Include="Game.h" />
    <ClInclude Include="Interaction.h" />
    <ClInclude Include="Perso.h" />
    <ClInclude Include="Playground.h" />
    <ClInclude Include="resource.h" />
    <ClInclude Include="Trainer.h" />
  </ItemGroup>
  <ItemGroup>
    <None Include="map_test.tmj" />
  </ItemGroup>
</Project>